
Microsoft Visual Studio Solution File, Format Version 12.00
Project("{FAE04EC0-301F-11D3-BF4B-00C04F79EFBC}") = "Dispatcher", "Dispatcher\Dispatcher.csproj", "{C9EF784F-8201-458B-A27F-CBE4D2701688}"
EndProject
Project("{FAE04EC0-301F-11D3-BF4B-00C04F79EFBC}") = "CLI", "CLI\CLI.csproj", "{6569C831-C33E-444C-A3EC-D991394B4BEB}"
EndProject
Project("{FAE04EC0-301F-11D3-BF4B-00C04F79EFBC}") = "HashingNode", "HashingNode\HashingNode.csproj", "{AECB5188-CECA-47BF-97E5-EA467A9C320C}"
EndProject
Project("{FAE04EC0-301F-11D3-BF4B-00C04F79EFBC}") = "Core", "Core\Core.csproj", "{3638054C-A384-45D2-A208-0D75183F011C}"
EndProject
Project("{FAE04EC0-301F-11D3-BF4B-00C04F79EFBC}") = "ProtosInterfaceDispatcher.Shared", "ProtosInterfaceDispatcher.Shared\ProtosInterfaceDispatcher.Shared.csproj", "{1CAFB353-87E6-4DE2-A0E6-5392EE08C0B5}"
EndProject
Project("{FAE04EC0-301F-11D3-BF4B-00C04F79EFBC}") = "ClientConsole", "ClientConsole\ClientConsole.csproj", "{9E590CF8-34C9-4915-9A6B-8915B980F3B2}"
EndProject
Project("{FAE04EC0-301F-11D3-BF4B-00C04F79EFBC}") = "ProtoContractsGenerator", "ProtoContractsGenerator\ProtoContractsGenerator.csproj", "{7C82AF0C-BB57-4DEF-90D7-E81EE147694A}"
EndProject
Global
	GlobalSection(SolutionConfigurationPlatforms) = preSolution
		Debug|Any CPU = Debug|Any CPU
		Release|Any CPU = Release|Any CPU
	EndGlobalSection
	GlobalSection(ProjectConfigurationPlatforms) = postSolution
		{C9EF784F-8201-458B-A27F-CBE4D2701688}.Debug|Any CPU.ActiveCfg = Debug|Any CPU
		{C9EF784F-8201-458B-A27F-CBE4D2701688}.Debug|Any CPU.Build.0 = Debug|Any CPU
		{C9EF784F-8201-458B-A27F-CBE4D2701688}.Release|Any CPU.ActiveCfg = Release|Any CPU
		{C9EF784F-8201-458B-A27F-CBE4D2701688}.Release|Any CPU.Build.0 = Release|Any CPU
		{6569C831-C33E-444C-A3EC-D991394B4BEB}.Debug|Any CPU.ActiveCfg = Debug|Any CPU
		{6569C831-C33E-444C-A3EC-D991394B4BEB}.Debug|Any CPU.Build.0 = Debug|Any CPU
		{6569C831-C33E-444C-A3EC-D991394B4BEB}.Release|Any CPU.ActiveCfg = Release|Any CPU
		{6569C831-C33E-444C-A3EC-D991394B4BEB}.Release|Any CPU.Build.0 = Release|Any CPU
		{AECB5188-CECA-47BF-97E5-EA467A9C320C}.Debug|Any CPU.ActiveCfg = Debug|Any CPU
		{AECB5188-CECA-47BF-97E5-EA467A9C320C}.Debug|Any CPU.Build.0 = Debug|Any CPU
		{AECB5188-CECA-47BF-97E5-EA467A9C320C}.Release|Any CPU.ActiveCfg = Release|Any CPU
		{AECB5188-CECA-47BF-97E5-EA467A9C320C}.Release|Any CPU.Build.0 = Release|Any CPU
		{3638054C-A384-45D2-A208-0D75183F011C}.Debug|Any CPU.ActiveCfg = Debug|Any CPU
		{3638054C-A384-45D2-A208-0D75183F011C}.Debug|Any CPU.Build.0 = Debug|Any CPU
		{3638054C-A384-45D2-A208-0D75183F011C}.Release|Any CPU.ActiveCfg = Release|Any CPU
		{3638054C-A384-45D2-A208-0D75183F011C}.Release|Any CPU.Build.0 = Release|Any CPU
		{1CAFB353-87E6-4DE2-A0E6-5392EE08C0B5}.Debug|Any CPU.ActiveCfg = Debug|Any CPU
		{1CAFB353-87E6-4DE2-A0E6-5392EE08C0B5}.Debug|Any CPU.Build.0 = Debug|Any CPU
		{1CAFB353-87E6-4DE2-A0E6-5392EE08C0B5}.Release|Any CPU.ActiveCfg = Release|Any CPU
		{1CAFB353-87E6-4DE2-A0E6-5392EE08C0B5}.Release|Any CPU.Build.0 = Release|Any CPU
		{9E590CF8-34C9-4915-9A6B-8915B980F3B2}.Debug|Any CPU.ActiveCfg = Debug|Any CPU
		{9E590CF8-34C9-4915-9A6B-8915B980F3B2}.Debug|Any CPU.Build.0 = Debug|Any CPU
		{9E590CF8-34C9-4915-9A6B-8915B980F3B2}.Release|Any CPU.ActiveCfg = Release|Any CPU
		{9E590CF8-34C9-4915-9A6B-8915B980F3B2}.Release|Any CPU.Build.0 = Release|Any CPU
		{7C82AF0C-BB57-4DEF-90D7-E81EE147694A}.Debug|Any CPU.ActiveCfg = Debug|Any CPU
		{7C82AF0C-BB57-4DEF-90D7-E81EE147694A}.Debug|Any CPU.Build.0 = Debug|Any CPU
		{7C82AF0C-BB57-4DEF-90D7-E81EE147694A}.Release|Any CPU.ActiveCfg = Release|Any CPU
		{7C82AF0C-BB57-4DEF-90D7-E81EE147694A}.Release|Any CPU.Build.0 = Release|Any CPU
	EndGlobalSection
EndGlobal
